
Microsoft Visual Studio Solution File, Format Version 9.00
# Visual C++ Express 2005
Project("{8BC9CEB8-8B4A-11D0-8D11-00A0C91BC942}") = "DM7lib", "DM7lib\DM7lib.vcproj", "{D70A7D92-F750-4EA0-A1EA-D49BCE62674C}"
EndProject
Global
	GlobalSection(SolutionConfigurationPlatforms) = preSolution
		Debug|Win32 = Debug|Win32
		Release|Win32 = Release|Win32
	EndGlobalSection
	GlobalSection(ProjectConfigurationPlatforms) = postSolution
		{D70A7D92-F750-4EA0-A1EA-D49BCE62674C}.Debug|Win32.ActiveCfg = Debug|Win32
		{D70A7D92-F750-4EA0-A1EA-D49BCE62674C}.Debug|Win32.Build.0 = Debug|Win32
		{D70A7D92-F750-4EA0-A1EA-D49BCE62674C}.Release|Win32.ActiveCfg = Release|Win32
		{D70A7D92-F750-4EA0-A1EA-D49BCE62674C}.Release|Win32.Build.0 = Release|Win32
	EndGlobalSection
	GlobalSection(SolutionProperties) = preSolution
		HideSolutionNode = FALSE
	EndGlobalSection
EndGlobal
